dependencies:
- name: pxc-db
  repository: https://percona.github.io/percona-helm-charts/
  version: 1.19.1
- name: tenant
  repository: https://operator.min.io/
  version: 7.1.1
- name: groundx-strimzi-kafka-cluster
  repository: https://registry.groundx.ai/helm
  version: 0.1.1
- name: groundx-secret
  repository: https://registry.groundx.ai/helm
  version: 0.1.0
- name: groundx
  repository: https://registry.groundx.ai/helm
  version: 0.2.5
- name: llm-service
  repository: https://rh-ai-quickstart.github.io/ai-architecture-charts
  version: 0.5.2
digest: sha256:d1e312d1b3fd1a591811585e7bdd9cec0bec9cfa3d2ae95391c4ba483cc05d4f
generated: "2026-03-20T09:17:45.426368-04:00"
